
Microsoft Visual Studio Solution File, Format Version 12.00
# Visual Studio Version 17
VisualStudioVersion = 17.0.32014.148
MinimumVisualStudioVersion = 10.0.40219.1
Project("{9A19103F-16F7-4668-BE54-9A1E7A4F7556}") = "CadastroSeries_GRUD", "CadastroSeries(GRUD)\CadastroSeries_GRUD.csproj", "{335694C4-7838-4AD8-8EE1-F050835E968E}"
EndProject
Project("{FAE04EC0-301F-11D3-BF4B-00C04F79EFBC}") = "CadastroSeries_GRUD.Console", "CadastroSeries_GRUD.Console\CadastroSeries_GRUD.Console.csproj", "{65F4BDC0-3BE2-4CD9-9039-59E885CC0259}"
EndProject
Project("{FAE04EC0-301F-11D3-BF4B-00C04F79EFBC}") = "CadastroSeries_GRUD.Web", "CadastroSeries_GRUD.Web\CadastroSeries_GRUD.Web.csproj", "{7C788DD6-8275-4E6D-B1AF-6F158BFBA816}"
EndProject
Global
	GlobalSection(SolutionConfigurationPlatforms) = preSolution
		Debug|Any CPU = Debug|Any CPU
		Release|Any CPU = Release|Any CPU
	EndGlobalSection
	GlobalSection(ProjectConfigurationPlatforms) = postSolution
		{335694C4-7838-4AD8-8EE1-F050835E968E}.Debug|Any CPU.ActiveCfg = Debug|Any CPU
		{335694C4-7838-4AD8-8EE1-F050835E968E}.Debug|Any CPU.Build.0 = Debug|Any CPU
		{335694C4-7838-4AD8-8EE1-F050835E968E}.Release|Any CPU.ActiveCfg = Release|Any CPU
		{335694C4-7838-4AD8-8EE1-F050835E968E}.Release|Any CPU.Build.0 = Release|Any CPU
		{65F4BDC0-3BE2-4CD9-9039-59E885CC0259}.Debug|Any CPU.ActiveCfg = Debug|Any CPU
		{65F4BDC0-3BE2-4CD9-9039-59E885CC0259}.Debug|Any CPU.Build.0 = Debug|Any CPU
		{65F4BDC0-3BE2-4CD9-9039-59E885CC0259}.Release|Any CPU.ActiveCfg = Release|Any CPU
		{65F4BDC0-3BE2-4CD9-9039-59E885CC0259}.Release|Any CPU.Build.0 = Release|Any CPU
		{7C788DD6-8275-4E6D-B1AF-6F158BFBA816}.Debug|Any CPU.ActiveCfg = Debug|Any CPU
		{7C788DD6-8275-4E6D-B1AF-6F158BFBA816}.Debug|Any CPU.Build.0 = Debug|Any CPU
		{7C788DD6-8275-4E6D-B1AF-6F158BFBA816}.Release|Any CPU.ActiveCfg = Release|Any CPU
		{7C788DD6-8275-4E6D-B1AF-6F158BFBA816}.Release|Any CPU.Build.0 = Release|Any CPU
	EndGlobalSection
	GlobalSection(SolutionProperties) = preSolution
		HideSolutionNode = FALSE
	EndGlobalSection
	GlobalSection(ExtensibilityGlobals) = postSolution
		SolutionGuid = {7239258F-195B-4973-BBF2-4D79567AD85D}
	EndGlobalSection
EndGlobal
