
Microsoft Visual Studio Solution File, Format Version 12.00
# Visual Studio Version 17
VisualStudioVersion = 17.0.32014.148
MinimumVisualStudioVersion = 10.0.40219.1
Project("{FAE04EC0-301F-11D3-BF4B-00C04F79EFBC}") = "CadastroSeries_GRUD", "CadastroSeries(GRUD)\CadastroSeries_GRUD.csproj", "{335694C4-7838-4AD8-8EE1-F050835E968E}"
EndProject
Global
	GlobalSection(SolutionConfigurationPlatforms) = preSolution
		Debug|Any CPU = Debug|Any CPU
		Release|Any CPU = Release|Any CPU
	EndGlobalSection
	GlobalSection(ProjectConfigurationPlatforms) = postSolution
		{335694C4-7838-4AD8-8EE1-F050835E968E}.Debug|Any CPU.ActiveCfg = Debug|Any CPU
		{335694C4-7838-4AD8-8EE1-F050835E968E}.Debug|Any CPU.Build.0 = Debug|Any CPU
		{335694C4-7838-4AD8-8EE1-F050835E968E}.Release|Any CPU.ActiveCfg = Release|Any CPU
		{335694C4-7838-4AD8-8EE1-F050835E968E}.Release|Any CPU.Build.0 = Release|Any CPU
	EndGlobalSection
	GlobalSection(SolutionProperties) = preSolution
		HideSolutionNode = FALSE
	EndGlobalSection
	GlobalSection(ExtensibilityGlobals) = postSolution
		SolutionGuid = {7239258F-195B-4973-BBF2-4D79567AD85D}
	EndGlobalSection
EndGlobal
